
Microsoft Visual Studio Solution File, Format Version 12.00
# Visual Studio Version 16
VisualStudioVersion = 16.0.30907.101
MinimumVisualStudioVersion = 10.0.40219.1
Project("{FAE04EC0-301F-11D3-BF4B-00C04F79EFBC}") = "OficinaATR", "OficinaATR\OficinaATR.csproj", "{CD5F6F60-8F81-45A9-8A90-EE50A2F36E9B}"
EndProject
Global
	GlobalSection(SolutionConfigurationPlatforms) = preSolution
		Debug|Any CPU = Debug|Any CPU
		Release|Any CPU = Release|Any CPU
	EndGlobalSection
	GlobalSection(ProjectConfigurationPlatforms) = postSolution
		{CD5F6F60-8F81-45A9-8A90-EE50A2F36E9B}.Debug|Any CPU.ActiveCfg = Debug|Any CPU
		{CD5F6F60-8F81-45A9-8A90-EE50A2F36E9B}.Debug|Any CPU.Build.0 = Debug|Any CPU
		{CD5F6F60-8F81-45A9-8A90-EE50A2F36E9B}.Release|Any CPU.ActiveCfg = Release|Any CPU
		{CD5F6F60-8F81-45A9-8A90-EE50A2F36E9B}.Release|Any CPU.Build.0 = Release|Any CPU
	EndGlobalSection
	GlobalSection(SolutionProperties) = preSolution
		HideSolutionNode = FALSE
	EndGlobalSection
	GlobalSection(ExtensibilityGlobals) = postSolution
		SolutionGuid = {21455E38-8249-402B-B672-DA1E27146161}
	EndGlobalSection
EndGlobal
